
Microsoft Visual Studio Solution File, Format Version 12.00
# Visual Studio Version 17
VisualStudioVersion = 17.6.33815.320
MinimumVisualStudioVersion = 10.0.40219.1
Project("{FAE04EC0-301F-11D3-BF4B-00C04F79EFBC}") = "Viking", "Viking\Viking.csproj", "{80E40A9D-645C-4FD4-8DCF-1E0586711AEC}"
EndProject
Global
	GlobalSection(SolutionConfigurationPlatforms) = preSolution
		Debug|Any CPU = Debug|Any CPU
		Release|Any CPU = Release|Any CPU
	EndGlobalSection
	GlobalSection(ProjectConfigurationPlatforms) = postSolution
		{80E40A9D-645C-4FD4-8DCF-1E0586711AEC}.Debug|Any CPU.ActiveCfg = Debug|Any CPU
		{80E40A9D-645C-4FD4-8DCF-1E0586711AEC}.Debug|Any CPU.Build.0 = Debug|Any CPU
		{80E40A9D-645C-4FD4-8DCF-1E0586711AEC}.Release|Any CPU.ActiveCfg = Release|Any CPU
		{80E40A9D-645C-4FD4-8DCF-1E0586711AEC}.Release|Any CPU.Build.0 = Release|Any CPU
	EndGlobalSection
	GlobalSection(SolutionProperties) = preSolution
		HideSolutionNode = FALSE
	EndGlobalSection
	GlobalSection(ExtensibilityGlobals) = postSolution
		SolutionGuid = {25692BCF-DB5A-4913-8952-C22E6CC90B05}
	EndGlobalSection
EndGlobal
